
Microsoft Visual Studio Solution File, Format Version 12.00
# Visual Studio 15
VisualStudioVersion = 15.0.27703.2035
MinimumVisualStudioVersion = 10.0.40219.1
Project("{FAE04EC0-301F-11D3-BF4B-00C04F79EFBC}") = "LocalChat_(udp)", "LocalChat_(udp)\LocalChat_(udp).csproj", "{92C911D4-7B65-4A17-B14D-0C011548A99F}"
EndProject
Global
	GlobalSection(SolutionConfigurationPlatforms) = preSolution
		Debug|Any CPU = Debug|Any CPU
		Release|Any CPU = Release|Any CPU
	EndGlobalSection
	GlobalSection(ProjectConfigurationPlatforms) = postSolution
		{92C911D4-7B65-4A17-B14D-0C011548A99F}.Debug|Any CPU.ActiveCfg = Debug|Any CPU
		{92C911D4-7B65-4A17-B14D-0C011548A99F}.Debug|Any CPU.Build.0 = Debug|Any CPU
		{92C911D4-7B65-4A17-B14D-0C011548A99F}.Release|Any CPU.ActiveCfg = Release|Any CPU
		{92C911D4-7B65-4A17-B14D-0C011548A99F}.Release|Any CPU.Build.0 = Release|Any CPU
	EndGlobalSection
	GlobalSection(SolutionProperties) = preSolution
		HideSolutionNode = FALSE
	EndGlobalSection
	GlobalSection(ExtensibilityGlobals) = postSolution
		SolutionGuid = {A8121E67-E22C-4CB2-A46E-28BC152E18F5}
	EndGlobalSection
EndGlobal
